
Microsoft Visual Studio Solution File, Format Version 12.00
# Visual Studio 15
VisualStudioVersion = 15.0.28307.168
MinimumVisualStudioVersion = 10.0.40219.1
Project("{F184B08F-C81C-45F6-A57F-5ABD9991F28F}") = "Volume ID Changer By Neos07", "Volume ID Changer By Neos07\Volume ID Changer By Neos07.vbproj", "{7A5A4023-F627-4452-A0A2-111B8769C8A4}"
EndProject
Global
	GlobalSection(SolutionConfigurationPlatforms) = preSolution
		Debug|Any CPU = Debug|Any CPU
		Release|Any CPU = Release|Any CPU
	EndGlobalSection
	GlobalSection(ProjectConfigurationPlatforms) = postSolution
		{7A5A4023-F627-4452-A0A2-111B8769C8A4}.Debug|Any CPU.ActiveCfg = Debug|Any CPU
		{7A5A4023-F627-4452-A0A2-111B8769C8A4}.Debug|Any CPU.Build.0 = Debug|Any CPU
		{7A5A4023-F627-4452-A0A2-111B8769C8A4}.Release|Any CPU.ActiveCfg = Release|Any CPU
		{7A5A4023-F627-4452-A0A2-111B8769C8A4}.Release|Any CPU.Build.0 = Release|Any CPU
	EndGlobalSection
	GlobalSection(SolutionProperties) = preSolution
		HideSolutionNode = FALSE
	EndGlobalSection
	GlobalSection(ExtensibilityGlobals) = postSolution
		SolutionGuid = {132E347C-0FAA-495F-9EB0-ECEB4BB92AAA}
	EndGlobalSection
EndGlobal
